
Microsoft Visual Studio Solution File, Format Version 12.00
Project("{FAE04EC0-301F-11D3-BF4B-00C04F79EFBC}") = "Sigma.Web", "Sigma.Web\Sigma.Web.csproj", "{414EB3B8-9FE6-4639-B40C-06495D62ED2E}"
EndProject
Global
	GlobalSection(SolutionConfigurationPlatforms) = preSolution
		Debug|Any CPU = Debug|Any CPU
		Release|Any CPU = Release|Any CPU
	EndGlobalSection
	GlobalSection(ProjectConfigurationPlatforms) = postSolution
		{414EB3B8-9FE6-4639-B40C-06495D62ED2E}.Debug|Any CPU.ActiveCfg = Debug|Any CPU
		{414EB3B8-9FE6-4639-B40C-06495D62ED2E}.Debug|Any CPU.Build.0 = Debug|Any CPU
		{414EB3B8-9FE6-4639-B40C-06495D62ED2E}.Release|Any CPU.ActiveCfg = Release|Any CPU
		{414EB3B8-9FE6-4639-B40C-06495D62ED2E}.Release|Any CPU.Build.0 = Release|Any CPU
	EndGlobalSection
EndGlobal
